
Microsoft Visual Studio Solution File, Format Version 12.00
# Visual Studio Version 16
VisualStudioVersion = 16.0.30128.74
MinimumVisualStudioVersion = 10.0.40219.1
Project("{FAE04EC0-301F-11D3-BF4B-00C04F79EFBC}") = "DelegateDemo1", "DelegateDemo1.csproj", "{8DC6120D-128E-491F-AF1E-B66FC5FF07AF}"
EndProject
Global
	GlobalSection(SolutionConfigurationPlatforms) = preSolution
		Debug|Any CPU = Debug|Any CPU
		Release|Any CPU = Release|Any CPU
	EndGlobalSection
	GlobalSection(ProjectConfigurationPlatforms) = postSolution
		{8DC6120D-128E-491F-AF1E-B66FC5FF07AF}.Debug|Any CPU.ActiveCfg = Debug|Any CPU
		{8DC6120D-128E-491F-AF1E-B66FC5FF07AF}.Debug|Any CPU.Build.0 = Debug|Any CPU
		{8DC6120D-128E-491F-AF1E-B66FC5FF07AF}.Release|Any CPU.ActiveCfg = Release|Any CPU
		{8DC6120D-128E-491F-AF1E-B66FC5FF07AF}.Release|Any CPU.Build.0 = Release|Any CPU
	EndGlobalSection
	GlobalSection(SolutionProperties) = preSolution
		HideSolutionNode = FALSE
	EndGlobalSection
	GlobalSection(ExtensibilityGlobals) = postSolution
		SolutionGuid = {75724252-C495-428D-B9A8-672447523590}
	EndGlobalSection
EndGlobal
